{
  "name": "new-vr-project",
  "version": "0.0.0",
  "lockfileVersion": 2,
  "requires": true,
  "packages": {
    "": {
      "name": "new-vr-project",
      "version": "0.0.0",
      "dependencies": {
        "three": "^0.138.0",
        "threestrap": "0.4.1"
      }
    },
    "node_modules/stats.js": {
      "version": "0.17.0",
      "resolved": "https://registry.npmjs.org/stats.js/-/stats.js-0.17.0.tgz",
      "integrity": "sha1-scPcRtlEmLV4t/05hbgaznExzH0="
    },
    "node_modules/three": {
      "version": "0.138.0",
      "resolved": "https://registry.npmjs.org/three/-/three-0.138.0.tgz",
      "integrity": "sha512-xM/WwUd53ClkbHFrftW29aIzMVvyhj4rSZmIVgn6hZ/kYB7aMjDD8FFy4VJamygXSrldJuOgEJuaI+E+8mt/KA=="
    },
    "node_modules/threestrap": {
      "version": "0.4.1",
      "resolved": "https://registry.npmjs.org/threestrap/-/threestrap-0.4.1.tgz",
      "integrity": "sha512-YGwdfKxTN1Jjq5eq1AHPdeAQiKiBWB22TxxQqTapoLznVeM4RdMm1Vh/Lyu6jLNlYapLmqb+NxQBxHaKwgABhw==",
      "dependencies": {
        "stats.js": "^0.17.0"
      },
      "peerDependencies": {
        "three": ">=0.118.0"
      }
    }
  },
  "dependencies": {
    "stats.js": {
      "version": "0.17.0",
      "resolved": "https://registry.npmjs.org/stats.js/-/stats.js-0.17.0.tgz",
      "integrity": "sha1-scPcRtlEmLV4t/05hbgaznExzH0="
    },
    "three": {
      "version": "0.138.0",
      "resolved": "https://registry.npmjs.org/three/-/three-0.138.0.tgz",
      "integrity": "sha512-xM/WwUd53ClkbHFrftW29aIzMVvyhj4rSZmIVgn6hZ/kYB7aMjDD8FFy4VJamygXSrldJuOgEJuaI+E+8mt/KA=="
    },
    "threestrap": {
      "version": "0.4.1",
      "resolved": "https://registry.npmjs.org/threestrap/-/threestrap-0.4.1.tgz",
      "integrity": "sha512-YGwdfKxTN1Jjq5eq1AHPdeAQiKiBWB22TxxQqTapoLznVeM4RdMm1Vh/Lyu6jLNlYapLmqb+NxQBxHaKwgABhw==",
      "requires": {
        "stats.js": "^0.17.0"
      }
    }
  }
}
